
Microsoft Visual Studio Solution File, Format Version 12.00
# Visual Studio Version 16
VisualStudioVersion = 16.0.31911.196
MinimumVisualStudioVersion = 10.0.40219.1
Project("{FAE04EC0-301F-11D3-BF4B-00C04F79EFBC}") = "kap7", "kap7\kap7.csproj", "{5BB94D7E-FEBF-48E4-ACA1-36C64CAF139D}"
EndProject
Global
	GlobalSection(SolutionConfigurationPlatforms) = preSolution
		Debug|Any CPU = Debug|Any CPU
		Release|Any CPU = Release|Any CPU
	EndGlobalSection
	GlobalSection(ProjectConfigurationPlatforms) = postSolution
		{5BB94D7E-FEBF-48E4-ACA1-36C64CAF139D}.Debug|Any CPU.ActiveCfg = Debug|Any CPU
		{5BB94D7E-FEBF-48E4-ACA1-36C64CAF139D}.Debug|Any CPU.Build.0 = Debug|Any CPU
		{5BB94D7E-FEBF-48E4-ACA1-36C64CAF139D}.Release|Any CPU.ActiveCfg = Release|Any CPU
		{5BB94D7E-FEBF-48E4-ACA1-36C64CAF139D}.Release|Any CPU.Build.0 = Release|Any CPU
	EndGlobalSection
	GlobalSection(SolutionProperties) = preSolution
		HideSolutionNode = FALSE
	EndGlobalSection
	GlobalSection(ExtensibilityGlobals) = postSolution
		SolutionGuid = {084AF8C5-749E-4922-8B0A-5D01459CEA7C}
	EndGlobalSection
EndGlobal
